
Microsoft Visual Studio Solution File, Format Version 12.00
# Visual Studio Version 16
VisualStudioVersion = 16.0.29613.14
MinimumVisualStudioVersion = 10.0.40219.1
Project("{2150E333-8FDC-42A3-9474-1A3956D46DE8}") = "Data", "Data", "{529F40CC-0094-44F9-9F59-1A8DAC70BA53}"
EndProject
Project("{2150E333-8FDC-42A3-9474-1A3956D46DE8}") = "Domain", "Domain", "{8C69A8C8-13F6-42B2-B191-1B76F597F3C0}"
EndProject
Project("{2150E333-8FDC-42A3-9474-1A3956D46DE8}") = "Presentation", "Presentation", "{0A2BB0E2-7B0F-42EB-A6D6-2ECED2206309}"
EndProject
Project("{2150E333-8FDC-42A3-9474-1A3956D46DE8}") = "BusinessLayer", "BusinessLayer", "{5E8C250A-07F5-409C-8A0E-C45F296AA5E2}"
EndProject
Project("{9A19103F-16F7-4668-BE54-9A1E7A4F7556}") = "BaseSolution.MVC", "BaseSolution.MVC\BaseSolution.MVC.csproj", "{9F73078A-8354-4512-BFF5-E183B50D8A2E}"
EndProject
Project("{2150E333-8FDC-42A3-9474-1A3956D46DE8}") = "Utility", "Utility", "{DBDF9FFB-F7D8-4E65-AA2F-4BB825D5F895}"
EndProject
Project("{2150E333-8FDC-42A3-9474-1A3956D46DE8}") = "Test", "Test", "{CF9CF5E8-DB54-4CDA-8125-DE035131CAB2}"
EndProject
Project("{9A19103F-16F7-4668-BE54-9A1E7A4F7556}") = "BaseSolution.Test", "BaseSolution.Test\BaseSolution.Test.csproj", "{6F304F27-9FCA-41E6-8061-FF2ACC7A5652}"
EndProject
Project("{9A19103F-16F7-4668-BE54-9A1E7A4F7556}") = "BaseSolution.Utilities", "BaseSolution.Utilities\BaseSolution.Utilities.csproj", "{A62EF6B3-18B6-4259-AB20-A40EEBF28D76}"
EndProject
Project("{9A19103F-16F7-4668-BE54-9A1E7A4F7556}") = "BaseSolution.Business", "BaseSolution.Business\BaseSolution.Business.csproj", "{0675B8F3-A2AE-4B9F-A030-76C992560357}"
EndProject
Project("{9A19103F-16F7-4668-BE54-9A1E7A4F7556}") = "BaseSolution.LogLayer", "BaseSolution.LogLayer\BaseSolution.LogLayer.csproj", "{9FD5DF63-9ED1-4DC5-8455-1C98C7D04153}"
EndProject
Project("{9A19103F-16F7-4668-BE54-9A1E7A4F7556}") = "BaseSolution.Context", "BaseSolution.Context\BaseSolution.Context.csproj", "{5711AC60-93BD-44E4-9785-2B17082031A8}"
EndProject
Project("{9A19103F-16F7-4668-BE54-9A1E7A4F7556}") = "BaseSolution.Core", "BaseSolution.Core\BaseSolution.Core.csproj", "{817E9540-929F-47FC-8CAE-6B0BEC2E874D}"
EndProject
Project("{9A19103F-16F7-4668-BE54-9A1E7A4F7556}") = "BaseSolution.Data", "BaseSolution.Data\BaseSolution.Data.csproj", "{8A251CE8-5DF5-43EF-BFFE-1EE882FE5404}"
EndProject
Project("{9A19103F-16F7-4668-BE54-9A1E7A4F7556}") = "BaseSolution.Abstraction", "BaseSolution.Abstraction\BaseSolution.Abstraction.csproj", "{00925CAA-0AF9-490E-96D1-1ADA5CB6C18E}"
EndProject
Project("{9A19103F-16F7-4668-BE54-9A1E7A4F7556}") = "BaseSolution.DTO", "BaseSolution.DTO\BaseSolution.DTO.csproj", "{934A3319-7C2D-4AF8-9D6F-7137FC47FAA3}"
EndProject
Project("{9A19103F-16F7-4668-BE54-9A1E7A4F7556}") = "BaseSolution.Entity", "BaseSolution.Entity\BaseSolution.Entity.csproj", "{F595B118-B3DB-4411-92AA-A9AE3A681D9A}"
EndProject
Project("{9A19103F-16F7-4668-BE54-9A1E7A4F7556}") = "BaseSolution.Validation", "BaseSolution.Validation\BaseSolution.Validation.csproj", "{BF6AC6F1-D1E9-4E3F-A45B-CE55415A21EB}"
EndProject
Project("{FAE04EC0-301F-11D3-BF4B-00C04F79EFBC}") = "BaseSolution.Mapping", "BaseSolution.Mapping\BaseSolution.Mapping.csproj", "{AE209F7A-55BC-4AFD-8DB7-C9E2E468A7B9}"
EndProject
Global
	GlobalSection(SolutionConfigurationPlatforms) = preSolution
		Debug|Any CPU = Debug|Any CPU
		Release|Any CPU = Release|Any CPU
	EndGlobalSection
	GlobalSection(ProjectConfigurationPlatforms) = postSolution
		{9F73078A-8354-4512-BFF5-E183B50D8A2E}.Debug|Any CPU.ActiveCfg = Debug|Any CPU
		{9F73078A-8354-4512-BFF5-E183B50D8A2E}.Debug|Any CPU.Build.0 = Debug|Any CPU
		{9F73078A-8354-4512-BFF5-E183B50D8A2E}.Release|Any CPU.ActiveCfg = Release|Any CPU
		{9F73078A-8354-4512-BFF5-E183B50D8A2E}.Release|Any CPU.Build.0 = Release|Any CPU
		{6F304F27-9FCA-41E6-8061-FF2ACC7A5652}.Debug|Any CPU.ActiveCfg = Debug|Any CPU
		{6F304F27-9FCA-41E6-8061-FF2ACC7A5652}.Debug|Any CPU.Build.0 = Debug|Any CPU
		{6F304F27-9FCA-41E6-8061-FF2ACC7A5652}.Release|Any CPU.ActiveCfg = Release|Any CPU
		{6F304F27-9FCA-41E6-8061-FF2ACC7A5652}.Release|Any CPU.Build.0 = Release|Any CPU
		{A62EF6B3-18B6-4259-AB20-A40EEBF28D76}.Debug|Any CPU.ActiveCfg = Debug|Any CPU
		{A62EF6B3-18B6-4259-AB20-A40EEBF28D76}.Debug|Any CPU.Build.0 = Debug|Any CPU
		{A62EF6B3-18B6-4259-AB20-A40EEBF28D76}.Release|Any CPU.ActiveCfg = Release|Any CPU
		{A62EF6B3-18B6-4259-AB20-A40EEBF28D76}.Release|Any CPU.Build.0 = Release|Any CPU
		{0675B8F3-A2AE-4B9F-A030-76C992560357}.Debug|Any CPU.ActiveCfg = Debug|Any CPU
		{0675B8F3-A2AE-4B9F-A030-76C992560357}.Debug|Any CPU.Build.0 = Debug|Any CPU
		{0675B8F3-A2AE-4B9F-A030-76C992560357}.Release|Any CPU.ActiveCfg = Release|Any CPU
		{0675B8F3-A2AE-4B9F-A030-76C992560357}.Release|Any CPU.Build.0 = Release|Any CPU
		{9FD5DF63-9ED1-4DC5-8455-1C98C7D04153}.Debug|Any CPU.ActiveCfg = Debug|Any CPU
		{9FD5DF63-9ED1-4DC5-8455-1C98C7D04153}.Debug|Any CPU.Build.0 = Debug|Any CPU
		{9FD5DF63-9ED1-4DC5-8455-1C98C7D04153}.Release|Any CPU.ActiveCfg = Release|Any CPU
		{9FD5DF63-9ED1-4DC5-8455-1C98C7D04153}.Release|Any CPU.Build.0 = Release|Any CPU
		{5711AC60-93BD-44E4-9785-2B17082031A8}.Debug|Any CPU.ActiveCfg = Debug|Any CPU
		{5711AC60-93BD-44E4-9785-2B17082031A8}.Debug|Any CPU.Build.0 = Debug|Any CPU
		{5711AC60-93BD-44E4-9785-2B17082031A8}.Release|Any CPU.ActiveCfg = Release|Any CPU
		{5711AC60-93BD-44E4-9785-2B17082031A8}.Release|Any CPU.Build.0 = Release|Any CPU
		{817E9540-929F-47FC-8CAE-6B0BEC2E874D}.Debug|Any CPU.ActiveCfg = Debug|Any CPU
		{817E9540-929F-47FC-8CAE-6B0BEC2E874D}.Debug|Any CPU.Build.0 = Debug|Any CPU
		{817E9540-929F-47FC-8CAE-6B0BEC2E874D}.Release|Any CPU.ActiveCfg = Release|Any CPU
		{817E9540-929F-47FC-8CAE-6B0BEC2E874D}.Release|Any CPU.Build.0 = Release|Any CPU
		{8A251CE8-5DF5-43EF-BFFE-1EE882FE5404}.Debug|Any CPU.ActiveCfg = Debug|Any CPU
		{8A251CE8-5DF5-43EF-BFFE-1EE882FE5404}.Debug|Any CPU.Build.0 = Debug|Any CPU
		{8A251CE8-5DF5-43EF-BFFE-1EE882FE5404}.Release|Any CPU.ActiveCfg = Release|Any CPU
		{8A251CE8-5DF5-43EF-BFFE-1EE882FE5404}.Release|Any CPU.Build.0 = Release|Any CPU
		{00925CAA-0AF9-490E-96D1-1ADA5CB6C18E}.Debug|Any CPU.ActiveCfg = Debug|Any CPU
		{00925CAA-0AF9-490E-96D1-1ADA5CB6C18E}.Debug|Any CPU.Build.0 = Debug|Any CPU
		{00925CAA-0AF9-490E-96D1-1ADA5CB6C18E}.Release|Any CPU.ActiveCfg = Release|Any CPU
		{00925CAA-0AF9-490E-96D1-1ADA5CB6C18E}.Release|Any CPU.Build.0 = Release|Any CPU
		{934A3319-7C2D-4AF8-9D6F-7137FC47FAA3}.Debug|Any CPU.ActiveCfg = Debug|Any CPU
		{934A3319-7C2D-4AF8-9D6F-7137FC47FAA3}.Debug|Any CPU.Build.0 = Debug|Any CPU
		{934A3319-7C2D-4AF8-9D6F-7137FC47FAA3}.Release|Any CPU.ActiveCfg = Release|Any CPU
		{934A3319-7C2D-4AF8-9D6F-7137FC47FAA3}.Release|Any CPU.Build.0 = Release|Any CPU
		{F595B118-B3DB-4411-92AA-A9AE3A681D9A}.Debug|Any CPU.ActiveCfg = Debug|Any CPU
		{F595B118-B3DB-4411-92AA-A9AE3A681D9A}.Debug|Any CPU.Build.0 = Debug|Any CPU
		{F595B118-B3DB-4411-92AA-A9AE3A681D9A}.Release|Any CPU.ActiveCfg = Release|Any CPU
		{F595B118-B3DB-4411-92AA-A9AE3A681D9A}.Release|Any CPU.Build.0 = Release|Any CPU
		{BF6AC6F1-D1E9-4E3F-A45B-CE55415A21EB}.Debug|Any CPU.ActiveCfg = Debug|Any CPU
		{BF6AC6F1-D1E9-4E3F-A45B-CE55415A21EB}.Debug|Any CPU.Build.0 = Debug|Any CPU
		{BF6AC6F1-D1E9-4E3F-A45B-CE55415A21EB}.Release|Any CPU.ActiveCfg = Release|Any CPU
		{BF6AC6F1-D1E9-4E3F-A45B-CE55415A21EB}.Release|Any CPU.Build.0 = Release|Any CPU
		{AE209F7A-55BC-4AFD-8DB7-C9E2E468A7B9}.Debug|Any CPU.ActiveCfg = Debug|Any CPU
		{AE209F7A-55BC-4AFD-8DB7-C9E2E468A7B9}.Debug|Any CPU.Build.0 = Debug|Any CPU
		{AE209F7A-55BC-4AFD-8DB7-C9E2E468A7B9}.Release|Any CPU.ActiveCfg = Release|Any CPU
		{AE209F7A-55BC-4AFD-8DB7-C9E2E468A7B9}.Release|Any CPU.Build.0 = Release|Any CPU
	EndGlobalSection
	GlobalSection(SolutionProperties) = preSolution
		HideSolutionNode = FALSE
	EndGlobalSection
	GlobalSection(NestedProjects) = preSolution
		{9F73078A-8354-4512-BFF5-E183B50D8A2E} = {0A2BB0E2-7B0F-42EB-A6D6-2ECED2206309}
		{6F304F27-9FCA-41E6-8061-FF2ACC7A5652} = {CF9CF5E8-DB54-4CDA-8125-DE035131CAB2}
		{A62EF6B3-18B6-4259-AB20-A40EEBF28D76} = {DBDF9FFB-F7D8-4E65-AA2F-4BB825D5F895}
		{0675B8F3-A2AE-4B9F-A030-76C992560357} = {5E8C250A-07F5-409C-8A0E-C45F296AA5E2}
		{9FD5DF63-9ED1-4DC5-8455-1C98C7D04153} = {DBDF9FFB-F7D8-4E65-AA2F-4BB825D5F895}
		{5711AC60-93BD-44E4-9785-2B17082031A8} = {529F40CC-0094-44F9-9F59-1A8DAC70BA53}
		{817E9540-929F-47FC-8CAE-6B0BEC2E874D} = {529F40CC-0094-44F9-9F59-1A8DAC70BA53}
		{8A251CE8-5DF5-43EF-BFFE-1EE882FE5404} = {529F40CC-0094-44F9-9F59-1A8DAC70BA53}
		{00925CAA-0AF9-490E-96D1-1ADA5CB6C18E} = {8C69A8C8-13F6-42B2-B191-1B76F597F3C0}
		{934A3319-7C2D-4AF8-9D6F-7137FC47FAA3} = {529F40CC-0094-44F9-9F59-1A8DAC70BA53}
		{F595B118-B3DB-4411-92AA-A9AE3A681D9A} = {8C69A8C8-13F6-42B2-B191-1B76F597F3C0}
		{BF6AC6F1-D1E9-4E3F-A45B-CE55415A21EB} = {529F40CC-0094-44F9-9F59-1A8DAC70BA53}
		{AE209F7A-55BC-4AFD-8DB7-C9E2E468A7B9} = {8C69A8C8-13F6-42B2-B191-1B76F597F3C0}
	EndGlobalSection
	GlobalSection(ExtensibilityGlobals) = postSolution
		SolutionGuid = {2B1691DD-25B6-4A5C-8264-012F84A546FA}
	EndGlobalSection
EndGlobal
